Microsoft Visual Studio Solution File, Format Version 12.00
# Visual Studio Version 17
VisualStudioVersion = 17.5.2.0
MinimumVisualStudioVersion = 10.0.40219.1
Project("{FAE04EC0-301F-11D3-BF4B-00C04F79EFBC}") = "Aula11", "Aula11.csproj", "{E89F4B3E-0A09-809D-87AC-DF34E4D15519}"
EndProject
Global
	GlobalSection(SolutionConfigurationPlatforms) = preSolution
		Debug|Any CPU = Debug|Any CPU
		Release|Any CPU = Release|Any CPU
	EndGlobalSection
	GlobalSection(ProjectConfigurationPlatforms) = postSolution
		{E89F4B3E-0A09-809D-87AC-DF34E4D15519}.Debug|Any CPU.ActiveCfg = Debug|Any CPU
		{E89F4B3E-0A09-809D-87AC-DF34E4D15519}.Debug|Any CPU.Build.0 = Debug|Any CPU
		{E89F4B3E-0A09-809D-87AC-DF34E4D15519}.Release|Any CPU.ActiveCfg = Release|Any CPU
		{E89F4B3E-0A09-809D-87AC-DF34E4D15519}.Release|Any CPU.Build.0 = Release|Any CPU
	EndGlobalSection
	GlobalSection(SolutionProperties) = preSolution
		HideSolutionNode = FALSE
	EndGlobalSection
	GlobalSection(ExtensibilityGlobals) = postSolution
		SolutionGuid = {FEDF8A01-8B98-4A5D-9670-B06C0251F804}
	EndGlobalSection
EndGlobal
