Microsoft Visual Studio Solution File, Format Version 12.00
# Visual Studio Version 17
VisualStudioVersion = 17.5.2.0
MinimumVisualStudioVersion = 10.0.40219.1
Project("{FAE04EC0-301F-11D3-BF4B-00C04F79EFBC}") = "Aula12", "Aula12.csproj", "{25398D95-0E49-FF37-EFEF-3CF392474914}"
EndProject
Global
	GlobalSection(SolutionConfigurationPlatforms) = preSolution
		Debug|Any CPU = Debug|Any CPU
		Release|Any CPU = Release|Any CPU
	EndGlobalSection
	GlobalSection(ProjectConfigurationPlatforms) = postSolution
		{25398D95-0E49-FF37-EFEF-3CF392474914}.Debug|Any CPU.ActiveCfg = Debug|Any CPU
		{25398D95-0E49-FF37-EFEF-3CF392474914}.Debug|Any CPU.Build.0 = Debug|Any CPU
		{25398D95-0E49-FF37-EFEF-3CF392474914}.Release|Any CPU.ActiveCfg = Release|Any CPU
		{25398D95-0E49-FF37-EFEF-3CF392474914}.Release|Any CPU.Build.0 = Release|Any CPU
	EndGlobalSection
	GlobalSection(SolutionProperties) = preSolution
		HideSolutionNode = FALSE
	EndGlobalSection
	GlobalSection(ExtensibilityGlobals) = postSolution
		SolutionGuid = {DCA99EC5-7804-4BCA-837D-B045FBCB433D}
	EndGlobalSection
EndGlobal
